
Microsoft Visual Studio Solution File, Format Version 12.00
# Visual Studio Version 17
VisualStudioVersion = 17.14.36202.13 d17.14
MinimumVisualStudioVersion = 10.0.40219.1
Project("{FAE04EC0-301F-11D3-BF4B-00C04F79EFBC}") = "EducationalProduct", "EducationalProduct\EducationalProduct.csproj", "{58215E02-DCAB-4A83-B695-09B1166A0B03}"
EndProject
Global
	GlobalSection(SolutionConfigurationPlatforms) = preSolution
		Debug|Any CPU = Debug|Any CPU
		Release|Any CPU = Release|Any CPU
	EndGlobalSection
	GlobalSection(ProjectConfigurationPlatforms) = postSolution
		{58215E02-DCAB-4A83-B695-09B1166A0B03}.Debug|Any CPU.ActiveCfg = Debug|Any CPU
		{58215E02-DCAB-4A83-B695-09B1166A0B03}.Debug|Any CPU.Build.0 = Debug|Any CPU
		{58215E02-DCAB-4A83-B695-09B1166A0B03}.Release|Any CPU.ActiveCfg = Release|Any CPU
		{58215E02-DCAB-4A83-B695-09B1166A0B03}.Release|Any CPU.Build.0 = Release|Any CPU
	EndGlobalSection
	GlobalSection(SolutionProperties) = preSolution
		HideSolutionNode = FALSE
	EndGlobalSection
	GlobalSection(ExtensibilityGlobals) = postSolution
		SolutionGuid = {C4A6E10E-041E-4B59-98D9-70695F5FBFD6}
	EndGlobalSection
EndGlobal
